
Microsoft Visual Studio Solution File, Format Version 12.00
# Visual Studio Version 16
VisualStudioVersion = 16.0.34031.81
MinimumVisualStudioVersion = 10.0.40219.1
Project("{FAE04EC0-301F-11D3-BF4B-00C04F79EFBC}") = "coursework2_OOSD", "coursework2_OOSD\coursework2_OOSD.csproj", "{AFB35136-F48D-4C12-81A2-2042896B1C78}"
EndProject
Global
	GlobalSection(SolutionConfigurationPlatforms) = preSolution
		Debug|Any CPU = Debug|Any CPU
		Release|Any CPU = Release|Any CPU
	EndGlobalSection
	GlobalSection(ProjectConfigurationPlatforms) = postSolution
		{AFB35136-F48D-4C12-81A2-2042896B1C78}.Debug|Any CPU.ActiveCfg = Debug|Any CPU
		{AFB35136-F48D-4C12-81A2-2042896B1C78}.Debug|Any CPU.Build.0 = Debug|Any CPU
		{AFB35136-F48D-4C12-81A2-2042896B1C78}.Release|Any CPU.ActiveCfg = Release|Any CPU
		{AFB35136-F48D-4C12-81A2-2042896B1C78}.Release|Any CPU.Build.0 = Release|Any CPU
	EndGlobalSection
	GlobalSection(SolutionProperties) = preSolution
		HideSolutionNode = FALSE
	EndGlobalSection
	GlobalSection(ExtensibilityGlobals) = postSolution
		SolutionGuid = {97CEE8FC-38F1-4496-9D99-8D00F8B76C60}
	EndGlobalSection
EndGlobal
